
Microsoft Visual Studio Solution File, Format Version 12.00
# Visual Studio 15
VisualStudioVersion = 15.0.28010.2019
MinimumVisualStudioVersion = 10.0.40219.1
Project("{FAE04EC0-301F-11D3-BF4B-00C04F79EFBC}") = "RecusrionAndArrayExamples", "RecusrionAndArrayExamples\RecusrionAndArrayExamples.csproj", "{527E40D4-59BD-4972-BC49-8F970F4133AB}"
EndProject
Global
	GlobalSection(SolutionConfigurationPlatforms) = preSolution
		Debug|Any CPU = Debug|Any CPU
		Release|Any CPU = Release|Any CPU
	EndGlobalSection
	GlobalSection(ProjectConfigurationPlatforms) = postSolution
		{527E40D4-59BD-4972-BC49-8F970F4133AB}.Debug|Any CPU.ActiveCfg = Debug|Any CPU
		{527E40D4-59BD-4972-BC49-8F970F4133AB}.Debug|Any CPU.Build.0 = Debug|Any CPU
		{527E40D4-59BD-4972-BC49-8F970F4133AB}.Release|Any CPU.ActiveCfg = Release|Any CPU
		{527E40D4-59BD-4972-BC49-8F970F4133AB}.Release|Any CPU.Build.0 = Release|Any CPU
	EndGlobalSection
	GlobalSection(SolutionProperties) = preSolution
		HideSolutionNode = FALSE
	EndGlobalSection
	GlobalSection(ExtensibilityGlobals) = postSolution
		SolutionGuid = {6A135BD8-271E-4DAE-936B-8CA900BA96FB}
	EndGlobalSection
EndGlobal
